
Microsoft Visual Studio Solution File, Format Version 12.00
# Visual Studio 15
VisualStudioVersion = 15.0.26430.16
MinimumVisualStudioVersion = 10.0.40219.1
Project("{8BC9CEB8-8B4A-11D0-8D11-00A0C91BC942}") = "liblber", "liblber.vcxproj", "{EB28A824-77BC-4FC3-B510-E703191B8E21}"
EndProject
Project("{8BC9CEB8-8B4A-11D0-8D11-00A0C91BC942}") = "libldap", "libldap.vcxproj", "{8B81DD20-B26C-40A6-8328-A0F9ECC7D726}"
EndProject
Project("{8BC9CEB8-8B4A-11D0-8D11-00A0C91BC942}") = "libcrypto-3-static", "..\..\..\..\Openssl\openssl3-win-build-3.0.2\build-VS2017\libcrypto-3-static\libcrypto-3-static.vcxproj", "{09F451A2-DA76-4340-B4CF-39982FA65C01}"
EndProject
Project("{8BC9CEB8-8B4A-11D0-8D11-00A0C91BC942}") = "libssl-3-static", "..\..\..\..\Openssl\openssl3-win-build-3.0.2\build-VS2017\libssl-3-static\libssl-3-static.vcxproj", "{6C2BC411-3453-4E33-8245-ED2A51A140BB}"
EndProject
Project("{2150E333-8FDC-42A3-9474-1A3956D46DE8}") = "providers", "providers", "{8381E479-84DC-4687-AC0E-DBEE8A9D3D1A}"
EndProject
Project("{8BC9CEB8-8B4A-11D0-8D11-00A0C91BC942}") = "libcommon-static", "..\..\..\..\Openssl\openssl3-win-build-3.0.2\build-VS2017\providers\libcommon-static\libcommon-static.vcxproj", "{FAA6635C-9DEC-4A36-8E2F-70BB38318F00}"
EndProject
Project("{8BC9CEB8-8B4A-11D0-8D11-00A0C91BC942}") = "libdefault-static", "..\..\..\..\Openssl\openssl3-win-build-3.0.2\build-VS2017\providers\libdefault-static\libdefault-static.vcxproj", "{9D0E9E97-378D-4D23-B5C7-0D77CD55EF23}"
EndProject
Project("{8BC9CEB8-8B4A-11D0-8D11-00A0C91BC942}") = "z_ldap", "..\..\z_ldap\z_ldap.vcxproj", "{8663775C-102C-4BF7-90A6-B7740970FB93}"
EndProject
Project("{8BC9CEB8-8B4A-11D0-8D11-00A0C91BC942}") = "_prebuild", "..\..\..\..\Openssl\openssl3-win-build-3.0.2\build-VS2017\_prebuild\_prebuild.vcxproj", "{625D49F1-BC00-4C36-AE25-2F408B208B08}"
EndProject
Global
	GlobalSection(SolutionConfigurationPlatforms) = preSolution
		Debug|Win32 = Debug|Win32
		Debug|x64 = Debug|x64
		DLL Debug|Win32 = DLL Debug|Win32
		DLL Debug|x64 = DLL Debug|x64
		DLL Release|Win32 = DLL Release|Win32
		DLL Release|x64 = DLL Release|x64
		Release|Win32 = Release|Win32
		Release|x64 = Release|x64
		Single Debug|Win32 = Single Debug|Win32
		Single Debug|x64 = Single Debug|x64
		Single Release|Win32 = Single Release|Win32
		Single Release|x64 = Single Release|x64
	EndGlobalSection
	GlobalSection(ProjectConfigurationPlatforms) = postSolution
		{EB28A824-77BC-4FC3-B510-E703191B8E21}.Debug|Win32.ActiveCfg = Debug|Win32
		{EB28A824-77BC-4FC3-B510-E703191B8E21}.Debug|Win32.Build.0 = Debug|Win32
		{EB28A824-77BC-4FC3-B510-E703191B8E21}.Debug|x64.ActiveCfg = Debug|x64
		{EB28A824-77BC-4FC3-B510-E703191B8E21}.Debug|x64.Build.0 = Debug|x64
		{EB28A824-77BC-4FC3-B510-E703191B8E21}.DLL Debug|Win32.ActiveCfg = DLL Debug|Win32
		{EB28A824-77BC-4FC3-B510-E703191B8E21}.DLL Debug|Win32.Build.0 = DLL Debug|Win32
		{EB28A824-77BC-4FC3-B510-E703191B8E21}.DLL Debug|x64.ActiveCfg = DLL Debug|x64
		{EB28A824-77BC-4FC3-B510-E703191B8E21}.DLL Debug|x64.Build.0 = DLL Debug|x64
		{EB28A824-77BC-4FC3-B510-E703191B8E21}.DLL Release|Win32.ActiveCfg = DLL Release|Win32
		{EB28A824-77BC-4FC3-B510-E703191B8E21}.DLL Release|Win32.Build.0 = DLL Release|Win32
		{EB28A824-77BC-4FC3-B510-E703191B8E21}.DLL Release|x64.ActiveCfg = DLL Release|x64
		{EB28A824-77BC-4FC3-B510-E703191B8E21}.DLL Release|x64.Build.0 = DLL Release|x64
		{EB28A824-77BC-4FC3-B510-E703191B8E21}.Release|Win32.ActiveCfg = Release|Win32
		{EB28A824-77BC-4FC3-B510-E703191B8E21}.Release|Win32.Build.0 = Release|Win32
		{EB28A824-77BC-4FC3-B510-E703191B8E21}.Release|x64.ActiveCfg = Release|x64
		{EB28A824-77BC-4FC3-B510-E703191B8E21}.Release|x64.Build.0 = Release|x64
		{EB28A824-77BC-4FC3-B510-E703191B8E21}.Single Debug|Win32.ActiveCfg = Single Debug|Win32
		{EB28A824-77BC-4FC3-B510-E703191B8E21}.Single Debug|Win32.Build.0 = Single Debug|Win32
		{EB28A824-77BC-4FC3-B510-E703191B8E21}.Single Debug|x64.ActiveCfg = Single Debug|x64
		{EB28A824-77BC-4FC3-B510-E703191B8E21}.Single Debug|x64.Build.0 = Single Debug|x64
		{EB28A824-77BC-4FC3-B510-E703191B8E21}.Single Release|Win32.ActiveCfg = Single Release|Win32
		{EB28A824-77BC-4FC3-B510-E703191B8E21}.Single Release|Win32.Build.0 = Single Release|Win32
		{EB28A824-77BC-4FC3-B510-E703191B8E21}.Single Release|x64.ActiveCfg = Single Release|x64
		{EB28A824-77BC-4FC3-B510-E703191B8E21}.Single Release|x64.Build.0 = Single Release|x64
		{8B81DD20-B26C-40A6-8328-A0F9ECC7D726}.Debug|Win32.ActiveCfg = Debug|Win32
		{8B81DD20-B26C-40A6-8328-A0F9ECC7D726}.Debug|Win32.Build.0 = Debug|Win32
		{8B81DD20-B26C-40A6-8328-A0F9ECC7D726}.Debug|x64.ActiveCfg = Debug|x64
		{8B81DD20-B26C-40A6-8328-A0F9ECC7D726}.Debug|x64.Build.0 = Debug|x64
		{8B81DD20-B26C-40A6-8328-A0F9ECC7D726}.DLL Debug|Win32.ActiveCfg = DLL Debug|Win32
		{8B81DD20-B26C-40A6-8328-A0F9ECC7D726}.DLL Debug|Win32.Build.0 = DLL Debug|Win32
		{8B81DD20-B26C-40A6-8328-A0F9ECC7D726}.DLL Debug|x64.ActiveCfg = DLL Debug|x64
		{8B81DD20-B26C-40A6-8328-A0F9ECC7D726}.DLL Debug|x64.Build.0 = DLL Debug|x64
		{8B81DD20-B26C-40A6-8328-A0F9ECC7D726}.DLL Release|Win32.ActiveCfg = DLL Release|Win32
		{8B81DD20-B26C-40A6-8328-A0F9ECC7D726}.DLL Release|Win32.Build.0 = DLL Release|Win32
		{8B81DD20-B26C-40A6-8328-A0F9ECC7D726}.DLL Release|x64.ActiveCfg = DLL Release|x64
		{8B81DD20-B26C-40A6-8328-A0F9ECC7D726}.DLL Release|x64.Build.0 = DLL Release|x64
		{8B81DD20-B26C-40A6-8328-A0F9ECC7D726}.Release|Win32.ActiveCfg = Release|Win32
		{8B81DD20-B26C-40A6-8328-A0F9ECC7D726}.Release|Win32.Build.0 = Release|Win32
		{8B81DD20-B26C-40A6-8328-A0F9ECC7D726}.Release|x64.ActiveCfg = Release|x64
		{8B81DD20-B26C-40A6-8328-A0F9ECC7D726}.Release|x64.Build.0 = Release|x64
		{8B81DD20-B26C-40A6-8328-A0F9ECC7D726}.Single Debug|Win32.ActiveCfg = Single Debug|Win32
		{8B81DD20-B26C-40A6-8328-A0F9ECC7D726}.Single Debug|Win32.Build.0 = Single Debug|Win32
		{8B81DD20-B26C-40A6-8328-A0F9ECC7D726}.Single Debug|x64.ActiveCfg = Single Debug|x64
		{8B81DD20-B26C-40A6-8328-A0F9ECC7D726}.Single Debug|x64.Build.0 = Single Debug|x64
		{8B81DD20-B26C-40A6-8328-A0F9ECC7D726}.Single Release|Win32.ActiveCfg = Single Release|Win32
		{8B81DD20-B26C-40A6-8328-A0F9ECC7D726}.Single Release|Win32.Build.0 = Single Release|Win32
		{8B81DD20-B26C-40A6-8328-A0F9ECC7D726}.Single Release|x64.ActiveCfg = Single Release|x64
		{8B81DD20-B26C-40A6-8328-A0F9ECC7D726}.Single Release|x64.Build.0 = Single Release|x64
		{09F451A2-DA76-4340-B4CF-39982FA65C01}.Debug|Win32.ActiveCfg = Debug|Win32
		{09F451A2-DA76-4340-B4CF-39982FA65C01}.Debug|Win32.Build.0 = Debug|Win32
		{09F451A2-DA76-4340-B4CF-39982FA65C01}.Debug|x64.ActiveCfg = Debug|x64
		{09F451A2-DA76-4340-B4CF-39982FA65C01}.Debug|x64.Build.0 = Debug|x64
		{09F451A2-DA76-4340-B4CF-39982FA65C01}.DLL Debug|Win32.ActiveCfg = Debug|Win32
		{09F451A2-DA76-4340-B4CF-39982FA65C01}.DLL Debug|Win32.Build.0 = Debug|Win32
		{09F451A2-DA76-4340-B4CF-39982FA65C01}.DLL Debug|x64.ActiveCfg = Debug|x64
		{09F451A2-DA76-4340-B4CF-39982FA65C01}.DLL Debug|x64.Build.0 = Debug|x64
		{09F451A2-DA76-4340-B4CF-39982FA65C01}.DLL Release|Win32.ActiveCfg = Release|Win32
		{09F451A2-DA76-4340-B4CF-39982FA65C01}.DLL Release|Win32.Build.0 = Release|Win32
		{09F451A2-DA76-4340-B4CF-39982FA65C01}.DLL Release|x64.ActiveCfg = Release|x64
		{09F451A2-DA76-4340-B4CF-39982FA65C01}.DLL Release|x64.Build.0 = Release|x64
		{09F451A2-DA76-4340-B4CF-39982FA65C01}.Release|Win32.ActiveCfg = Release|Win32
		{09F451A2-DA76-4340-B4CF-39982FA65C01}.Release|Win32.Build.0 = Release|Win32
		{09F451A2-DA76-4340-B4CF-39982FA65C01}.Release|x64.ActiveCfg = Release|x64
		{09F451A2-DA76-4340-B4CF-39982FA65C01}.Release|x64.Build.0 = Release|x64
		{09F451A2-DA76-4340-B4CF-39982FA65C01}.Single Debug|Win32.ActiveCfg = Debug|Win32
		{09F451A2-DA76-4340-B4CF-39982FA65C01}.Single Debug|Win32.Build.0 = Debug|Win32
		{09F451A2-DA76-4340-B4CF-39982FA65C01}.Single Debug|x64.ActiveCfg = Debug|x64
		{09F451A2-DA76-4340-B4CF-39982FA65C01}.Single Debug|x64.Build.0 = Debug|x64
		{09F451A2-DA76-4340-B4CF-39982FA65C01}.Single Release|Win32.ActiveCfg = Release|Win32
		{09F451A2-DA76-4340-B4CF-39982FA65C01}.Single Release|Win32.Build.0 = Release|Win32
		{09F451A2-DA76-4340-B4CF-39982FA65C01}.Single Release|x64.ActiveCfg = Release|x64
		{09F451A2-DA76-4340-B4CF-39982FA65C01}.Single Release|x64.Build.0 = Release|x64
		{6C2BC411-3453-4E33-8245-ED2A51A140BB}.Debug|Win32.ActiveCfg = Debug|Win32
		{6C2BC411-3453-4E33-8245-ED2A51A140BB}.Debug|Win32.Build.0 = Debug|Win32
		{6C2BC411-3453-4E33-8245-ED2A51A140BB}.Debug|x64.ActiveCfg = Debug|x64
		{6C2BC411-3453-4E33-8245-ED2A51A140BB}.Debug|x64.Build.0 = Debug|x64
		{6C2BC411-3453-4E33-8245-ED2A51A140BB}.DLL Debug|Win32.ActiveCfg = Debug|Win32
		{6C2BC411-3453-4E33-8245-ED2A51A140BB}.DLL Debug|Win32.Build.0 = Debug|Win32
		{6C2BC411-3453-4E33-8245-ED2A51A140BB}.DLL Debug|x64.ActiveCfg = Debug|x64
		{6C2BC411-3453-4E33-8245-ED2A51A140BB}.DLL Debug|x64.Build.0 = Debug|x64
		{6C2BC411-3453-4E33-8245-ED2A51A140BB}.DLL Release|Win32.ActiveCfg = Release|Win32
		{6C2BC411-3453-4E33-8245-ED2A51A140BB}.DLL Release|Win32.Build.0 = Release|Win32
		{6C2BC411-3453-4E33-8245-ED2A51A140BB}.DLL Release|x64.ActiveCfg = Release|x64
		{6C2BC411-3453-4E33-8245-ED2A51A140BB}.DLL Release|x64.Build.0 = Release|x64
		{6C2BC411-3453-4E33-8245-ED2A51A140BB}.Release|Win32.ActiveCfg = Release|Win32
		{6C2BC411-3453-4E33-8245-ED2A51A140BB}.Release|Win32.Build.0 = Release|Win32
		{6C2BC411-3453-4E33-8245-ED2A51A140BB}.Release|x64.ActiveCfg = Release|x64
		{6C2BC411-3453-4E33-8245-ED2A51A140BB}.Release|x64.Build.0 = Release|x64
		{6C2BC411-3453-4E33-8245-ED2A51A140BB}.Single Debug|Win32.ActiveCfg = Debug|Win32
		{6C2BC411-3453-4E33-8245-ED2A51A140BB}.Single Debug|Win32.Build.0 = Debug|Win32
		{6C2BC411-3453-4E33-8245-ED2A51A140BB}.Single Debug|x64.ActiveCfg = Debug|x64
		{6C2BC411-3453-4E33-8245-ED2A51A140BB}.Single Debug|x64.Build.0 = Debug|x64
		{6C2BC411-3453-4E33-8245-ED2A51A140BB}.Single Release|Win32.ActiveCfg = Release|Win32
		{6C2BC411-3453-4E33-8245-ED2A51A140BB}.Single Release|Win32.Build.0 = Release|Win32
		{6C2BC411-3453-4E33-8245-ED2A51A140BB}.Single Release|x64.ActiveCfg = Release|x64
		{6C2BC411-3453-4E33-8245-ED2A51A140BB}.Single Release|x64.Build.0 = Release|x64
		{FAA6635C-9DEC-4A36-8E2F-70BB38318F00}.Debug|Win32.ActiveCfg = Debug|Win32
		{FAA6635C-9DEC-4A36-8E2F-70BB38318F00}.Debug|Win32.Build.0 = Debug|Win32
		{FAA6635C-9DEC-4A36-8E2F-70BB38318F00}.Debug|x64.ActiveCfg = Debug|x64
		{FAA6635C-9DEC-4A36-8E2F-70BB38318F00}.Debug|x64.Build.0 = Debug|x64
		{FAA6635C-9DEC-4A36-8E2F-70BB38318F00}.DLL Debug|Win32.ActiveCfg = Debug|Win32
		{FAA6635C-9DEC-4A36-8E2F-70BB38318F00}.DLL Debug|Win32.Build.0 = Debug|Win32
		{FAA6635C-9DEC-4A36-8E2F-70BB38318F00}.DLL Debug|x64.ActiveCfg = Debug|x64
		{FAA6635C-9DEC-4A36-8E2F-70BB38318F00}.DLL Debug|x64.Build.0 = Debug|x64
		{FAA6635C-9DEC-4A36-8E2F-70BB38318F00}.DLL Release|Win32.ActiveCfg = Release|Win32
		{FAA6635C-9DEC-4A36-8E2F-70BB38318F00}.DLL Release|Win32.Build.0 = Release|Win32
		{FAA6635C-9DEC-4A36-8E2F-70BB38318F00}.DLL Release|x64.ActiveCfg = Release|x64
		{FAA6635C-9DEC-4A36-8E2F-70BB38318F00}.DLL Release|x64.Build.0 = Release|x64
		{FAA6635C-9DEC-4A36-8E2F-70BB38318F00}.Release|Win32.ActiveCfg = Release|Win32
		{FAA6635C-9DEC-4A36-8E2F-70BB38318F00}.Release|Win32.Build.0 = Release|Win32
		{FAA6635C-9DEC-4A36-8E2F-70BB38318F00}.Release|x64.ActiveCfg = Release|x64
		{FAA6635C-9DEC-4A36-8E2F-70BB38318F00}.Release|x64.Build.0 = Release|x64
		{FAA6635C-9DEC-4A36-8E2F-70BB38318F00}.Single Debug|Win32.ActiveCfg = Debug|Win32
		{FAA6635C-9DEC-4A36-8E2F-70BB38318F00}.Single Debug|Win32.Build.0 = Debug|Win32
		{FAA6635C-9DEC-4A36-8E2F-70BB38318F00}.Single Debug|x64.ActiveCfg = Debug|x64
		{FAA6635C-9DEC-4A36-8E2F-70BB38318F00}.Single Debug|x64.Build.0 = Debug|x64
		{FAA6635C-9DEC-4A36-8E2F-70BB38318F00}.Single Release|Win32.ActiveCfg = Release|Win32
		{FAA6635C-9DEC-4A36-8E2F-70BB38318F00}.Single Release|Win32.Build.0 = Release|Win32
		{FAA6635C-9DEC-4A36-8E2F-70BB38318F00}.Single Release|x64.ActiveCfg = Release|x64
		{FAA6635C-9DEC-4A36-8E2F-70BB38318F00}.Single Release|x64.Build.0 = Release|x64
		{9D0E9E97-378D-4D23-B5C7-0D77CD55EF23}.Debug|Win32.ActiveCfg = Debug|Win32
		{9D0E9E97-378D-4D23-B5C7-0D77CD55EF23}.Debug|Win32.Build.0 = Debug|Win32
		{9D0E9E97-378D-4D23-B5C7-0D77CD55EF23}.Debug|x64.ActiveCfg = Debug|x64
		{9D0E9E97-378D-4D23-B5C7-0D77CD55EF23}.Debug|x64.Build.0 = Debug|x64
		{9D0E9E97-378D-4D23-B5C7-0D77CD55EF23}.DLL Debug|Win32.ActiveCfg = Debug|Win32
		{9D0E9E97-378D-4D23-B5C7-0D77CD55EF23}.DLL Debug|Win32.Build.0 = Debug|Win32
		{9D0E9E97-378D-4D23-B5C7-0D77CD55EF23}.DLL Debug|x64.ActiveCfg = Debug|x64
		{9D0E9E97-378D-4D23-B5C7-0D77CD55EF23}.DLL Debug|x64.Build.0 = Debug|x64
		{9D0E9E97-378D-4D23-B5C7-0D77CD55EF23}.DLL Release|Win32.ActiveCfg = Release|Win32
		{9D0E9E97-378D-4D23-B5C7-0D77CD55EF23}.DLL Release|Win32.Build.0 = Release|Win32
		{9D0E9E97-378D-4D23-B5C7-0D77CD55EF23}.DLL Release|x64.ActiveCfg = Release|x64
		{9D0E9E97-378D-4D23-B5C7-0D77CD55EF23}.DLL Release|x64.Build.0 = Release|x64
		{9D0E9E97-378D-4D23-B5C7-0D77CD55EF23}.Release|Win32.ActiveCfg = Release|Win32
		{9D0E9E97-378D-4D23-B5C7-0D77CD55EF23}.Release|Win32.Build.0 = Release|Win32
		{9D0E9E97-378D-4D23-B5C7-0D77CD55EF23}.Release|x64.ActiveCfg = Release|x64
		{9D0E9E97-378D-4D23-B5C7-0D77CD55EF23}.Release|x64.Build.0 = Release|x64
		{9D0E9E97-378D-4D23-B5C7-0D77CD55EF23}.Single Debug|Win32.ActiveCfg = Debug|Win32
		{9D0E9E97-378D-4D23-B5C7-0D77CD55EF23}.Single Debug|Win32.Build.0 = Debug|Win32
		{9D0E9E97-378D-4D23-B5C7-0D77CD55EF23}.Single Debug|x64.ActiveCfg = Debug|x64
		{9D0E9E97-378D-4D23-B5C7-0D77CD55EF23}.Single Debug|x64.Build.0 = Debug|x64
		{9D0E9E97-378D-4D23-B5C7-0D77CD55EF23}.Single Release|Win32.ActiveCfg = Release|Win32
		{9D0E9E97-378D-4D23-B5C7-0D77CD55EF23}.Single Release|Win32.Build.0 = Release|Win32
		{9D0E9E97-378D-4D23-B5C7-0D77CD55EF23}.Single Release|x64.ActiveCfg = Release|x64
		{9D0E9E97-378D-4D23-B5C7-0D77CD55EF23}.Single Release|x64.Build.0 = Release|x64
		{8663775C-102C-4BF7-90A6-B7740970FB93}.Debug|Win32.ActiveCfg = Debug|Win32
		{8663775C-102C-4BF7-90A6-B7740970FB93}.Debug|Win32.Build.0 = Debug|Win32
		{8663775C-102C-4BF7-90A6-B7740970FB93}.Debug|x64.ActiveCfg = Debug|x64
		{8663775C-102C-4BF7-90A6-B7740970FB93}.Debug|x64.Build.0 = Debug|x64
		{8663775C-102C-4BF7-90A6-B7740970FB93}.DLL Debug|Win32.ActiveCfg = Debug|Win32
		{8663775C-102C-4BF7-90A6-B7740970FB93}.DLL Debug|Win32.Build.0 = Debug|Win32
		{8663775C-102C-4BF7-90A6-B7740970FB93}.DLL Debug|x64.ActiveCfg = Debug|x64
		{8663775C-102C-4BF7-90A6-B7740970FB93}.DLL Debug|x64.Build.0 = Debug|x64
		{8663775C-102C-4BF7-90A6-B7740970FB93}.DLL Release|Win32.ActiveCfg = Release|Win32
		{8663775C-102C-4BF7-90A6-B7740970FB93}.DLL Release|Win32.Build.0 = Release|Win32
		{8663775C-102C-4BF7-90A6-B7740970FB93}.DLL Release|x64.ActiveCfg = Release|x64
		{8663775C-102C-4BF7-90A6-B7740970FB93}.DLL Release|x64.Build.0 = Release|x64
		{8663775C-102C-4BF7-90A6-B7740970FB93}.Release|Win32.ActiveCfg = Release|Win32
		{8663775C-102C-4BF7-90A6-B7740970FB93}.Release|Win32.Build.0 = Release|Win32
		{8663775C-102C-4BF7-90A6-B7740970FB93}.Release|x64.ActiveCfg = Release|x64
		{8663775C-102C-4BF7-90A6-B7740970FB93}.Release|x64.Build.0 = Release|x64
		{8663775C-102C-4BF7-90A6-B7740970FB93}.Single Debug|Win32.ActiveCfg = Debug|Win32
		{8663775C-102C-4BF7-90A6-B7740970FB93}.Single Debug|Win32.Build.0 = Debug|Win32
		{8663775C-102C-4BF7-90A6-B7740970FB93}.Single Debug|x64.ActiveCfg = Debug|x64
		{8663775C-102C-4BF7-90A6-B7740970FB93}.Single Debug|x64.Build.0 = Debug|x64
		{8663775C-102C-4BF7-90A6-B7740970FB93}.Single Release|Win32.ActiveCfg = Release|Win32
		{8663775C-102C-4BF7-90A6-B7740970FB93}.Single Release|Win32.Build.0 = Release|Win32
		{8663775C-102C-4BF7-90A6-B7740970FB93}.Single Release|x64.ActiveCfg = Release|x64
		{8663775C-102C-4BF7-90A6-B7740970FB93}.Single Release|x64.Build.0 = Release|x64
		{625D49F1-BC00-4C36-AE25-2F408B208B08}.Debug|Win32.ActiveCfg = Debug|Win32
		{625D49F1-BC00-4C36-AE25-2F408B208B08}.Debug|Win32.Build.0 = Debug|Win32
		{625D49F1-BC00-4C36-AE25-2F408B208B08}.Debug|x64.ActiveCfg = Debug|x64
		{625D49F1-BC00-4C36-AE25-2F408B208B08}.Debug|x64.Build.0 = Debug|x64
		{625D49F1-BC00-4C36-AE25-2F408B208B08}.DLL Debug|Win32.ActiveCfg = Debug|Win32
		{625D49F1-BC00-4C36-AE25-2F408B208B08}.DLL Debug|Win32.Build.0 = Debug|Win32
		{625D49F1-BC00-4C36-AE25-2F408B208B08}.DLL Debug|x64.ActiveCfg = Debug|x64
		{625D49F1-BC00-4C36-AE25-2F408B208B08}.DLL Debug|x64.Build.0 = Debug|x64
		{625D49F1-BC00-4C36-AE25-2F408B208B08}.DLL Release|Win32.ActiveCfg = Release|Win32
		{625D49F1-BC00-4C36-AE25-2F408B208B08}.DLL Release|Win32.Build.0 = Release|Win32
		{625D49F1-BC00-4C36-AE25-2F408B208B08}.DLL Release|x64.ActiveCfg = Release|x64
		{625D49F1-BC00-4C36-AE25-2F408B208B08}.DLL Release|x64.Build.0 = Release|x64
		{625D49F1-BC00-4C36-AE25-2F408B208B08}.Release|Win32.ActiveCfg = Release|Win32
		{625D49F1-BC00-4C36-AE25-2F408B208B08}.Release|Win32.Build.0 = Release|Win32
		{625D49F1-BC00-4C36-AE25-2F408B208B08}.Release|x64.ActiveCfg = Release|x64
		{625D49F1-BC00-4C36-AE25-2F408B208B08}.Release|x64.Build.0 = Release|x64
		{625D49F1-BC00-4C36-AE25-2F408B208B08}.Single Debug|Win32.ActiveCfg = Debug|Win32
		{625D49F1-BC00-4C36-AE25-2F408B208B08}.Single Debug|Win32.Build.0 = Debug|Win32
		{625D49F1-BC00-4C36-AE25-2F408B208B08}.Single Debug|x64.ActiveCfg = Debug|x64
		{625D49F1-BC00-4C36-AE25-2F408B208B08}.Single Debug|x64.Build.0 = Debug|x64
		{625D49F1-BC00-4C36-AE25-2F408B208B08}.Single Release|Win32.ActiveCfg = Release|Win32
		{625D49F1-BC00-4C36-AE25-2F408B208B08}.Single Release|Win32.Build.0 = Release|Win32
		{625D49F1-BC00-4C36-AE25-2F408B208B08}.Single Release|x64.ActiveCfg = Release|x64
		{625D49F1-BC00-4C36-AE25-2F408B208B08}.Single Release|x64.Build.0 = Release|x64
	EndGlobalSection
	GlobalSection(SolutionProperties) = preSolution
		HideSolutionNode = FALSE
	EndGlobalSection
	GlobalSection(NestedProjects) = preSolution
		{FAA6635C-9DEC-4A36-8E2F-70BB38318F00} = {8381E479-84DC-4687-AC0E-DBEE8A9D3D1A}
		{9D0E9E97-378D-4D23-B5C7-0D77CD55EF23} = {8381E479-84DC-4687-AC0E-DBEE8A9D3D1A}
	EndGlobalSection
	GlobalSection(ExtensibilityGlobals) = postSolution
		SolutionGuid = {35AEE400-CB6B-48FE-BC9B-EEDD5F5F1620}
	EndGlobalSection
EndGlobal
